PODS:
  - Flutter (1.0.0)
  - mapbox_maps_flutter (2.2.0-rc.1):
    - Flutter
    - MapboxMaps (~> 11.6.0-rc.1)
    - Turf (= 2.8.0)
  - MapboxCommon (24.6.0)
  - MapboxCoreMaps (11.6.0):
    - MapboxCommon (~> 24.6)
  - MapboxMaps (11.6.0):
    - MapboxCommon (= 24.6.0)
    - MapboxCoreMaps (= 11.6.0)
    - Turf (= 2.8.0)
  - Turf (2.8.0)

DEPENDENCIES:
  - Flutter (from `Flutter`)
  - mapbox_maps_flutter (from `.symlinks/plugins/mapbox_maps_flutter/ios`)

SPEC REPOS:
  trunk:
    - MapboxCommon
    - MapboxCoreMaps
    - MapboxMaps
    - Turf

EXTERNAL SOURCES:
  Flutter:
    :path: Flutter
  mapbox_maps_flutter:
    :path: ".symlinks/plugins/mapbox_maps_flutter/ios"

SPEC CHECKSUMS:
  Flutter: e0871f40cf51350855a761d2e70bf5af5b9b5de7
  mapbox_maps_flutter: 4ad19682f43ffed50be9c1eb2364107e21725f1f
  MapboxCommon: 6008e74b1312a093dec291497a036fc8b47f344f
  MapboxCoreMaps: bd097795c5ae4f002181769e7151474a33ce878a
  MapboxMaps: fc1b2ab98563d0157ba01f6e4a2fd8a8af556d92
  Turf: aa2ede4298009639d10db36aba1a7ebaad072a5e

PODFILE CHECKSUM: 819463e6a0290f5a72f145ba7cde16e8b6ef0796

COCOAPODS: 1.15.2
